
Microsoft Visual Studio Solution File, Format Version 12.00
# Visual Studio Version 16
VisualStudioVersion = 16.0.30907.101
MinimumVisualStudioVersion = 10.0.40219.1
Project("{FAE04EC0-301F-11D3-BF4B-00C04F79EFBC}") = "Evensum", "Evensum\Evensum.csproj", "{780E2AEF-0E7F-4AC6-B389-786D50C3AE1D}"
EndProject
Global
	GlobalSection(SolutionConfigurationPlatforms) = preSolution
		Debug|Any CPU = Debug|Any CPU
		Release|Any CPU = Release|Any CPU
	EndGlobalSection
	GlobalSection(ProjectConfigurationPlatforms) = postSolution
		{780E2AEF-0E7F-4AC6-B389-786D50C3AE1D}.Debug|Any CPU.ActiveCfg = Debug|Any CPU
		{780E2AEF-0E7F-4AC6-B389-786D50C3AE1D}.Debug|Any CPU.Build.0 = Debug|Any CPU
		{780E2AEF-0E7F-4AC6-B389-786D50C3AE1D}.Release|Any CPU.ActiveCfg = Release|Any CPU
		{780E2AEF-0E7F-4AC6-B389-786D50C3AE1D}.Release|Any CPU.Build.0 = Release|Any CPU
	EndGlobalSection
	GlobalSection(SolutionProperties) = preSolution
		HideSolutionNode = FALSE
	EndGlobalSection
	GlobalSection(ExtensibilityGlobals) = postSolution
		SolutionGuid = {B76D8F45-AC31-4B15-B034-283F9EFA0833}
	EndGlobalSection
EndGlobal
